
Microsoft Visual Studio Solution File, Format Version 12.00
# Visual Studio Version 16
VisualStudioVersion = 16.0.30128.74
MinimumVisualStudioVersion = 10.0.40219.1
Project("{FAE04EC0-301F-11D3-BF4B-00C04F79EFBC}") = "AufgabeVererbungundEingabe", "AufgabeVererbungundEingabe\AufgabeVererbungundEingabe.csproj", "{BBA4262D-D632-450F-AE77-03989A40874A}"
EndProject
Global
	GlobalSection(SolutionConfigurationPlatforms) = preSolution
		Debug|Any CPU = Debug|Any CPU
		Release|Any CPU = Release|Any CPU
	EndGlobalSection
	GlobalSection(ProjectConfigurationPlatforms) = postSolution
		{BBA4262D-D632-450F-AE77-03989A40874A}.Debug|Any CPU.ActiveCfg = Debug|Any CPU
		{BBA4262D-D632-450F-AE77-03989A40874A}.Debug|Any CPU.Build.0 = Debug|Any CPU
		{BBA4262D-D632-450F-AE77-03989A40874A}.Release|Any CPU.ActiveCfg = Release|Any CPU
		{BBA4262D-D632-450F-AE77-03989A40874A}.Release|Any CPU.Build.0 = Release|Any CPU
	EndGlobalSection
	GlobalSection(SolutionProperties) = preSolution
		HideSolutionNode = FALSE
	EndGlobalSection
	GlobalSection(ExtensibilityGlobals) = postSolution
		SolutionGuid = {D48B80D2-07C6-4E03-9CB5-801A3ADF6CFC}
	EndGlobalSection
EndGlobal
